{
  "name": "assets",
  "lockfileVersion": 2,
  "requires": true,
  "packages": {
    "": {
      "dependencies": {
        "chart.js": "^3.8.0"
      }
    },
    "node_modules/chart.js": {
      "version": "3.8.0",
      "resolved": "https://registry.npmjs.org/chart.js/-/chart.js-3.8.0.tgz",
      "integrity": "sha512-cr8xhrXjLIXVLOBZPkBZVF6NDeiVIrPLHcMhnON7UufudL+CNeRrD+wpYanswlm8NpudMdrt3CHoLMQMxJhHRg=="
    }
  },
  "dependencies": {
    "chart.js": {
      "version": "3.8.0",
      "resolved": "https://registry.npmjs.org/chart.js/-/chart.js-3.8.0.tgz",
      "integrity": "sha512-cr8xhrXjLIXVLOBZPkBZVF6NDeiVIrPLHcMhnON7UufudL+CNeRrD+wpYanswlm8NpudMdrt3CHoLMQMxJhHRg=="
    }
  }
}
